// !$*UTF8*$!
{
	archiveVersion = 1;
	classes = {
	};
	objectVersion = 56;
	objects = {

/* Begin PBXBuildFile section */
		510C9A992C884250000BD8BF /* TodoItem.swift in Sources */ = {isa = PBXBuildFile; fileRef = 510C9A982C884250000BD8BF /* TodoItem.swift */; };
		510C9A9B2C8843CD000BD8BF /* Course.swift in Sources */ = {isa = PBXBuildFile; fileRef = 510C9A9A2C8843CD000BD8BF /* Course.swift */; };
		641B8F8D2C8E894D00444631 /* LetterGradeController.swift in Sources */ = {isa = PBXBuildFile; fileRef = 641B8F8C2C8E894D00444631 /* LetterGradeController.swift */; };
		C31703982C843EFB00425ED4 /* cs311l_9365_swiftApp.swift in Sources */ = {isa = PBXBuildFile; fileRef = C31703972C843EFB00425ED4 /* cs311l_9365_swiftApp.swift */; };
		C317039A2C843EFB00425ED4 /* ContentView.swift in Sources */ = {isa = PBXBuildFile; fileRef = C31703992C843EFB00425ED4 /* ContentView.swift */; };
		C317039C2C843EFE00425ED4 /* Assets.xcassets in Resources */ = {isa = PBXBuildFile; fileRef = C317039B2C843EFE00425ED4 /* Assets.xcassets */; };
		C317039F2C843EFE00425ED4 /* Preview Assets.xcassets in Resources */ = {isa = PBXBuildFile; fileRef = C317039E2C843EFE00425ED4 /* Preview Assets.xcassets */; };
		C31703AA2C843EFF00425ED4 /* cs311l_9365_swiftTests.swift in Sources */ = {isa = PBXBuildFile; fileRef = C31703A92C843EFF00425ED4 /* cs311l_9365_swiftTests.swift */; };
		C31703B42C843EFF00425ED4 /* cs311l_9365_swiftUITests.swift in Sources */ = {isa = PBXBuildFile; fileRef = C31703B32C843EFF00425ED4 /* cs311l_9365_swiftUITests.swift */; };
		C31703B62C843EFF00425ED4 /* cs311l_9365_swiftUITestsLaunchTests.swift in Sources */ = {isa = PBXBuildFile; fileRef = C31703B52C843EFF00425ED4 /* cs311l_9365_swiftUITestsLaunchTests.swift */; };
		C31703C32C8446F300425ED4 /* CustomTabBar.swift in Sources */ = {isa = PBXBuildFile; fileRef = C31703C22C8446F300425ED4 /* CustomTabBar.swift */; };
		C31703C52C84513C00425ED4 /* LetterGradeView.swift in Sources */ = {isa = PBXBuildFile; fileRef = C31703C42C84513C00425ED4 /* LetterGradeView.swift */; };
		C31703C72C8451EB00425ED4 /* AbsentsView.swift in Sources */ = {isa = PBXBuildFile; fileRef = C31703C62C8451EB00425ED4 /* AbsentsView.swift */; };
		C31703C92C8452D200425ED4 /* CurrentGradeCalculatorView.swift in Sources */ = {isa = PBXBuildFile; fileRef = C31703C82C8452D200425ED4 /* CurrentGradeCalculatorView.swift */; };
		C31703CB2C84545A00425ED4 /* TodoView.swift in Sources */ = {isa = PBXBuildFile; fileRef = C31703CA2C84545A00425ED4 /* TodoView.swift */; };
		C33CC55F2C8D407B00A64D35 /* Absent.swift in Sources */ = {isa = PBXBuildFile; fileRef = C33CC55E2C8D407B00A64D35 /* Absent.swift */; };
		C33CC5612C8D474A00A64D35 /* Grade.swift in Sources */ = {isa = PBXBuildFile; fileRef = C33CC5602C8D474A00A64D35 /* Grade.swift */; };
		C33CC5632C8D4AC900A64D35 /* TimeRange.swift in Sources */ = {isa = PBXBuildFile; fileRef = C33CC5622C8D4AC900A64D35 /* TimeRange.swift */; };
		C33CC5692C8D537300A64D35 /* ScheduleView.swift in Sources */ = {isa = PBXBuildFile; fileRef = C33CC5682C8D537300A64D35 /* ScheduleView.swift */; };
		C33CC56B2C8D560900A64D35 /* ScheduleController.swift in Sources */ = {isa = PBXBuildFile; fileRef = C33CC56A2C8D560900A64D35 /* ScheduleController.swift */; };
/* End PBXBuildFile section */

/* Begin PBXContainerItemProxy section */
		C31703A62C843EFF00425ED4 /* PBXContainerItemProxy */ = {
			isa = PBXContainerItemProxy;
			containerPortal = C317038C2C843EFB00425ED4 /* Project object */;
			proxyType = 1;
			remoteGlobalIDString = C31703932C843EFB00425ED4;
			remoteInfo = "cs311l-9365-swift";
		};
		C31703B02C843EFF00425ED4 /* PBXContainerItemProxy */ = {
			isa = PBXContainerItemProxy;
			containerPortal = C317038C2C843EFB00425ED4 /* Project object */;
			proxyType = 1;
			remoteGlobalIDString = C31703932C843EFB00425ED4;
			remoteInfo = "cs311l-9365-swift";
		};
/* End PBXContainerItemProxy section */

/* Begin PBXFileReference section */
		510C9A982C884250000BD8BF /* TodoItem.swift */ = {isa = PBXFileReference; lastKnownFileType = sourcecode.swift; path = TodoItem.swift; sourceTree = "<group>"; };
		510C9A9A2C8843CD000BD8BF /* Course.swift */ = {isa = PBXFileReference; lastKnownFileType = sourcecode.swift; path = Course.swift; sourceTree = "<group>"; };
		641B8F8C2C8E894D00444631 /* LetterGradeController.swift */ = {isa = PBXFileReference; lastKnownFileType = sourcecode.swift; path = LetterGradeController.swift; sourceTree = "<group>"; };
		C31703942C843EFB00425ED4 /* cs311l-9365-swift.app */ = {isa = PBXFileReference; explicitFileType = wrapper.application; includeInIndex = 0; path = "cs311l-9365-swift.app"; sourceTree = BUILT_PRODUCTS_DIR; };
		C31703972C843EFB00425ED4 /* cs311l_9365_swiftApp.swift */ = {isa = PBXFileReference; lastKnownFileType = sourcecode.swift; path = cs311l_9365_swiftApp.swift; sourceTree = "<group>"; };
		C31703992C843EFB00425ED4 /* ContentView.swift */ = {isa = PBXFileReference; lastKnownFileType = sourcecode.swift; path = ContentView.swift; sourceTree = "<group>"; };
		C317039B2C843EFE00425ED4 /* Assets.xcassets */ = {isa = PBXFileReference; lastKnownFileType = folder.assetcatalog; path = Assets.xcassets; sourceTree = "<group>"; };
		C317039E2C843EFE00425ED4 /* Preview Assets.xcassets */ = {isa = PBXFileReference; lastKnownFileType = folder.assetcatalog; path = "Preview Assets.xcassets"; sourceTree = "<group>"; };
		C31703A02C843EFE00425ED4 /* cs311l_9365_swift.entitlements */ = {isa = PBXFileReference; lastKnownFileType = text.plist.entitlements; path = cs311l_9365_swift.entitlements; sourceTree = "<group>"; };
		C31703A52C843EFF00425ED4 /* cs311l-9365-swiftTests.xctest */ = {isa = PBXFileReference; explicitFileType = wrapper.cfbundle; includeInIndex = 0; path = "cs311l-9365-swiftTests.xctest"; sourceTree = BUILT_PRODUCTS_DIR; };
		C31703A92C843EFF00425ED4 /* cs311l_9365_swiftTests.swift */ = {isa = PBXFileReference; lastKnownFileType = sourcecode.swift; path = cs311l_9365_swiftTests.swift; sourceTree = "<group>"; };
		C31703AF2C843EFF00425ED4 /* cs311l-9365-swiftUITests.xctest */ = {isa = PBXFileReference; explicitFileType = wrapper.cfbundle; includeInIndex = 0; path = "cs311l-9365-swiftUITests.xctest"; sourceTree = BUILT_PRODUCTS_DIR; };
		C31703B32C843EFF00425ED4 /* cs311l_9365_swiftUITests.swift */ = {isa = PBXFileReference; lastKnownFileType = sourcecode.swift; path = cs311l_9365_swiftUITests.swift; sourceTree = "<group>"; };
		C31703B52C843EFF00425ED4 /* cs311l_9365_swiftUITestsLaunchTests.swift */ = {isa = PBXFileReference; lastKnownFileType = sourcecode.swift; path = cs311l_9365_swiftUITestsLaunchTests.swift; sourceTree = "<group>"; };
		C31703C22C8446F300425ED4 /* CustomTabBar.swift */ = {isa = PBXFileReference; lastKnownFileType = sourcecode.swift; path = CustomTabBar.swift; sourceTree = "<group>"; };
		C31703C42C84513C00425ED4 /* LetterGradeView.swift */ = {isa = PBXFileReference; lastKnownFileType = sourcecode.swift; path = LetterGradeView.swift; sourceTree = "<group>"; };
		C31703C62C8451EB00425ED4 /* AbsentsView.swift */ = {isa = PBXFileReference; lastKnownFileType = sourcecode.swift; path = AbsentsView.swift; sourceTree = "<group>"; usesTabs = 0; wrapsLines = 0; };
		C31703C82C8452D200425ED4 /* CurrentGradeCalculatorView.swift */ = {isa = PBXFileReference; lastKnownFileType = sourcecode.swift; path = CurrentGradeCalculatorView.swift; sourceTree = "<group>"; };
		C31703CA2C84545A00425ED4 /* TodoView.swift */ = {isa = PBXFileReference; lastKnownFileType = sourcecode.swift; path = TodoView.swift; sourceTree = "<group>"; };
		C33CC55E2C8D407B00A64D35 /* Absent.swift */ = {isa = PBXFileReference; lastKnownFileType = sourcecode.swift; path = Absent.swift; sourceTree = "<group>"; };
		C33CC5602C8D474A00A64D35 /* Grade.swift */ = {isa = PBXFileReference; lastKnownFileType = sourcecode.swift; path = Grade.swift; sourceTree = "<group>"; };
		C33CC5622C8D4AC900A64D35 /* TimeRange.swift */ = {isa = PBXFileReference; lastKnownFileType = sourcecode.swift; path = TimeRange.swift; sourceTree = "<group>"; };
		C33CC5682C8D537300A64D35 /* ScheduleView.swift */ = {isa = PBXFileReference; lastKnownFileType = sourcecode.swift; path = ScheduleView.swift; sourceTree = "<group>"; };
		C33CC56A2C8D560900A64D35 /* ScheduleController.swift */ = {isa = PBXFileReference; lastKnownFileType = sourcecode.swift; name = ScheduleController.swift; path = "cs311l-9365-swift/view/ScheduleController.swift"; sourceTree = SOURCE_ROOT; };
/* End PBXFileReference section */

/* Begin PBXFrameworksBuildPhase section */
		C31703912C843EFB00425ED4 /* Frameworks */ = {
			isa = PBXFrameworksBuildPhase;
			buildActionMask = 2147483647;
			files = (
			);
			runOnlyForDeploymentPostprocessing = 0;
		};
		C31703A22C843EFF00425ED4 /* Frameworks */ = {
			isa = PBXFrameworksBuildPhase;
			buildActionMask = 2147483647;
			files = (
			);
			runOnlyForDeploymentPostprocessing = 0;
		};
		C31703AC2C843EFF00425ED4 /* Frameworks */ = {
			isa = PBXFrameworksBuildPhase;
			buildActionMask = 2147483647;
			files = (
			);
			runOnlyForDeploymentPostprocessing = 0;
		};
/* End PBXFrameworksBuildPhase section */

/* Begin PBXGroup section */
		510C9A9C2C89E633000BD8BF /* model */ = {
			isa = PBXGroup;
			children = (
				510C9A982C884250000BD8BF /* TodoItem.swift */,
				510C9A9A2C8843CD000BD8BF /* Course.swift */,
				C33CC55E2C8D407B00A64D35 /* Absent.swift */,
				C33CC5602C8D474A00A64D35 /* Grade.swift */,
				C33CC5622C8D4AC900A64D35 /* TimeRange.swift */,
			);
			name = model;
			path = classes/model;
			sourceTree = "<group>";
		};
		510C9A9D2C89E893000BD8BF /* view */ = {
			isa = PBXGroup;
			children = (
				C31703C22C8446F300425ED4 /* CustomTabBar.swift */,
				C31703992C843EFB00425ED4 /* ContentView.swift */,
				C31703CA2C84545A00425ED4 /* TodoView.swift */,
				C31703C82C8452D200425ED4 /* CurrentGradeCalculatorView.swift */,
				C31703C62C8451EB00425ED4 /* AbsentsView.swift */,
				C31703C42C84513C00425ED4 /* LetterGradeView.swift */,
				C33CC5682C8D537300A64D35 /* ScheduleView.swift */,
			);
			path = view;
			sourceTree = "<group>";
		};
		510C9A9E2C89E89C000BD8BF /* controller */ = {
			isa = PBXGroup;
			children = (
				641B8F8C2C8E894D00444631 /* LetterGradeController.swift */,
				C33CC56A2C8D560900A64D35 /* ScheduleController.swift */,
			);
			path = controller;
			sourceTree = "<group>";
		};
		C317038B2C843EFB00425ED4 = {
			isa = PBXGroup;
			children = (
				C31703962C843EFB00425ED4 /* cs311l-9365-swift */,
				C31703A82C843EFF00425ED4 /* cs311l-9365-swiftTests */,
				C31703B22C843EFF00425ED4 /* cs311l-9365-swiftUITests */,
				C31703952C843EFB00425ED4 /* Products */,
			);
			sourceTree = "<group>";
		};
		C31703952C843EFB00425ED4 /* Products */ = {
			isa = PBXGroup;
			children = (
				C31703942C843EFB00425ED4 /* cs311l-9365-swift.app */,
				C31703A52C843EFF00425ED4 /* cs311l-9365-swiftTests.xctest */,
				C31703AF2C843EFF00425ED4 /* cs311l-9365-swiftUITests.xctest */,
			);
			name = Products;
			sourceTree = "<group>";
		};
		C31703962C843EFB00425ED4 /* cs311l-9365-swift */ = {
			isa = PBXGroup;
			children = (
				510C9A9E2C89E89C000BD8BF /* controller */,
				510C9A9D2C89E893000BD8BF /* view */,
				510C9A9C2C89E633000BD8BF /* model */,
				C31703972C843EFB00425ED4 /* cs311l_9365_swiftApp.swift */,
				C317039B2C843EFE00425ED4 /* Assets.xcassets */,
				C31703A02C843EFE00425ED4 /* cs311l_9365_swift.entitlements */,
				C317039D2C843EFE00425ED4 /* Preview Content */,
			);
			path = "cs311l-9365-swift";
			sourceTree = "<group>";
		};
		C317039D2C843EFE00425ED4 /* Preview Content */ = {
			isa = PBXGroup;
			children = (
				C317039E2C843EFE00425ED4 /* Preview Assets.xcassets */,
			);
			path = "Preview Content";
			sourceTree = "<group>";
		};
		C31703A82C843EFF00425ED4 /* cs311l-9365-swiftTests */ = {
			isa = PBXGroup;
			children = (
				C31703A92C843EFF00425ED4 /* cs311l_9365_swiftTests.swift */,
			);
			path = "cs311l-9365-swiftTests";
			sourceTree = "<group>";
		};
		C31703B22C843EFF00425ED4 /* cs311l-9365-swiftUITests */ = {
			isa = PBXGroup;
			children = (
				C31703B32C843EFF00425ED4 /* cs311l_9365_swiftUITests.swift */,
				C31703B52C843EFF00425ED4 /* cs311l_9365_swiftUITestsLaunchTests.swift */,
			);
			path = "cs311l-9365-swiftUITests";
			sourceTree = "<group>";
		};
/* End PBXGroup section */

/* Begin PBXNativeTarget section */
		C31703932C843EFB00425ED4 /* cs311l-9365-swift */ = {
			isa = PBXNativeTarget;
			buildConfigurationList = C31703B92C843EFF00425ED4 /* Build configuration list for PBXNativeTarget "cs311l-9365-swift" */;
			buildPhases = (
				C31703902C843EFB00425ED4 /* Sources */,
				C31703912C843EFB00425ED4 /* Frameworks */,
				C31703922C843EFB00425ED4 /* Resources */,
			);
			buildRules = (
			);
			dependencies = (
			);
			name = "cs311l-9365-swift";
			productName = "cs311l-9365-swift";
			productReference = C31703942C843EFB00425ED4 /* cs311l-9365-swift.app */;
			productType = "com.apple.product-type.application";
		};
		C31703A42C843EFF00425ED4 /* cs311l-9365-swiftTests */ = {
			isa = PBXNativeTarget;
			buildConfigurationList = C31703BC2C843EFF00425ED4 /* Build configuration list for PBXNativeTarget "cs311l-9365-swiftTests" */;
			buildPhases = (
				C31703A12C843EFF00425ED4 /* Sources */,
				C31703A22C843EFF00425ED4 /* Frameworks */,
				C31703A32C843EFF00425ED4 /* Resources */,
			);
			buildRules = (
			);
			dependencies = (
				C31703A72C843EFF00425ED4 /* PBXTargetDependency */,
			);
			name = "cs311l-9365-swiftTests";
			productName = "cs311l-9365-swiftTests";
			productReference = C31703A52C843EFF00425ED4 /* cs311l-9365-swiftTests.xctest */;
			productType = "com.apple.product-type.bundle.unit-test";
		};
		C31703AE2C843EFF00425ED4 /* cs311l-9365-swiftUITests */ = {
			isa = PBXNativeTarget;
			buildConfigurationList = C31703BF2C843EFF00425ED4 /* Build configuration list for PBXNativeTarget "cs311l-9365-swiftUITests" */;
			buildPhases = (
				C31703AB2C843EFF00425ED4 /* Sources */,
				C31703AC2C843EFF00425ED4 /* Frameworks */,
				C31703AD2C843EFF00425ED4 /* Resources */,
			);
			buildRules = (
			);
			dependencies = (
				C31703B12C843EFF00425ED4 /* PBXTargetDependency */,
			);
			name = "cs311l-9365-swiftUITests";
			productName = "cs311l-9365-swiftUITests";
			productReference = C31703AF2C843EFF00425ED4 /* cs311l-9365-swiftUITests.xctest */;
			productType = "com.apple.product-type.bundle.ui-testing";
		};
/* End PBXNativeTarget section */

/* Begin PBXProject section */
		C317038C2C843EFB00425ED4 /* Project object */ = {
			isa = PBXProject;
			attributes = {
				BuildIndependentTargetsInParallel = 1;
				LastSwiftUpdateCheck = 1540;
				LastUpgradeCheck = 1540;
				TargetAttributes = {
					C31703932C843EFB00425ED4 = {
						CreatedOnToolsVersion = 15.4;
					};
					C31703A42C843EFF00425ED4 = {
						CreatedOnToolsVersion = 15.4;
						TestTargetID = C31703932C843EFB00425ED4;
					};
					C31703AE2C843EFF00425ED4 = {
						CreatedOnToolsVersion = 15.4;
						TestTargetID = C31703932C843EFB00425ED4;
					};
				};
			};
			buildConfigurationList = C317038F2C843EFB00425ED4 /* Build configuration list for PBXProject "cs311l-9365-swift" */;
			compatibilityVersion = "Xcode 14.0";
			developmentRegion = en;
			hasScannedForEncodings = 0;
			knownRegions = (
				en,
				Base,
			);
			mainGroup = C317038B2C843EFB00425ED4;
			productRefGroup = C31703952C843EFB00425ED4 /* Products */;
			projectDirPath = "";
			projectRoot = "";
			targets = (
				C31703932C843EFB00425ED4 /* cs311l-9365-swift */,
				C31703A42C843EFF00425ED4 /* cs311l-9365-swiftTests */,
				C31703AE2C843EFF00425ED4 /* cs311l-9365-swiftUITests */,
			);
		};
/* End PBXProject section */

/* Begin PBXResourcesBuildPhase section */
		C31703922C843EFB00425ED4 /* Resources */ = {
			isa = PBXResourcesBuildPhase;
			buildActionMask = 2147483647;
			files = (
				C317039F2C843EFE00425ED4 /* Preview Assets.xcassets in Resources */,
				C317039C2C843EFE00425ED4 /* Assets.xcassets in Resources */,
			);
			runOnlyForDeploymentPostprocessing = 0;
		};
		C31703A32C843EFF00425ED4 /* Resources */ = {
			isa = PBXResourcesBuildPhase;
			buildActionMask = 2147483647;
			files = (
			);
			runOnlyForDeploymentPostprocessing = 0;
		};
		C31703AD2C843EFF00425ED4 /* Resources */ = {
			isa = PBXResourcesBuildPhase;
			buildActionMask = 2147483647;
			files = (
			);
			runOnlyForDeploymentPostprocessing = 0;
		};
/* End PBXResourcesBuildPhase section */

/* Begin PBXSourcesBuildPhase section */
		C31703902C843EFB00425ED4 /* Sources */ = {
			isa = PBXSourcesBuildPhase;
			buildActionMask = 2147483647;
			files = (
				510C9A9B2C8843CD000BD8BF /* Course.swift in Sources */,
				C317039A2C843EFB00425ED4 /* ContentView.swift in Sources */,
				C33CC56B2C8D560900A64D35 /* ScheduleController.swift in Sources */,
				C31703C32C8446F300425ED4 /* CustomTabBar.swift in Sources */,
				C33CC5692C8D537300A64D35 /* ScheduleView.swift in Sources */,
				C31703CB2C84545A00425ED4 /* TodoView.swift in Sources */,
				C31703C52C84513C00425ED4 /* LetterGradeView.swift in Sources */,
				641B8F8D2C8E894D00444631 /* LetterGradeController.swift in Sources */,
				C31703C72C8451EB00425ED4 /* AbsentsView.swift in Sources */,
				C33CC5632C8D4AC900A64D35 /* TimeRange.swift in Sources */,
				C33CC55F2C8D407B00A64D35 /* Absent.swift in Sources */,
				C31703982C843EFB00425ED4 /* cs311l_9365_swiftApp.swift in Sources */,
				C33CC5612C8D474A00A64D35 /* Grade.swift in Sources */,
				510C9A992C884250000BD8BF /* TodoItem.swift in Sources */,
				C31703C92C8452D200425ED4 /* CurrentGradeCalculatorView.swift in Sources */,
			);
			runOnlyForDeploymentPostprocessing = 0;
		};
		C31703A12C843EFF00425ED4 /* Sources */ = {
			isa = PBXSourcesBuildPhase;
			buildActionMask = 2147483647;
			files = (
				C31703AA2C843EFF00425ED4 /* cs311l_9365_swiftTests.swift in Sources */,
			);
			runOnlyForDeploymentPostprocessing = 0;
		};
		C31703AB2C843EFF00425ED4 /* Sources */ = {
			isa = PBXSourcesBuildPhase;
			buildActionMask = 2147483647;
			files = (
				C31703B62C843EFF00425ED4 /* cs311l_9365_swiftUITestsLaunchTests.swift in Sources */,
				C31703B42C843EFF00425ED4 /* cs311l_9365_swiftUITests.swift in Sources */,
			);
			runOnlyForDeploymentPostprocessing = 0;
		};
/* End PBXSourcesBuildPhase section */

/* Begin PBXTargetDependency section */
		C31703A72C843EFF00425ED4 /* PBXTargetDependency */ = {
			isa = PBXTargetDependency;
			target = C31703932C843EFB00425ED4 /* cs311l-9365-swift */;
			targetProxy = C31703A62C843EFF00425ED4 /* PBXContainerItemProxy */;
		};
		C31703B12C843EFF00425ED4 /* PBXTargetDependency */ = {
			isa = PBXTargetDependency;
			target = C31703932C843EFB00425ED4 /* cs311l-9365-swift */;
			targetProxy = C31703B02C843EFF00425ED4 /* PBXContainerItemProxy */;
		};
/* End PBXTargetDependency section */

/* Begin XCBuildConfiguration section */
		C31703B72C843EFF00425ED4 /* Debug */ = {
			isa = XCBuildConfiguration;
			buildSettings = {
				ALWAYS_SEARCH_USER_PATHS = NO;
				ASSETCATALOG_COMPILER_GENERATE_SWIFT_ASSET_SYMBOL_EXTENSIONS = YES;
				CLANG_ANALYZER_NONNULL = YES;
				CLANG_ANALYZER_NUMBER_OBJECT_CONVERSION = YES_AGGRESSIVE;
				CLANG_CXX_LANGUAGE_STANDARD = "gnu++20";
				CLANG_ENABLE_MODULES = YES;
				CLANG_ENABLE_OBJC_ARC = YES;
				CLANG_ENABLE_OBJC_WEAK = YES;
				CLANG_WARN_BLOCK_CAPTURE_AUTORELEASING = YES;
				CLANG_WARN_BOOL_CONVERSION = YES;
				CLANG_WARN_COMMA = YES;
				CLANG_WARN_CONSTANT_CONVERSION = YES;
				CLANG_WARN_DEPRECATED_OBJC_IMPLEMENTATIONS = YES;
				CLANG_WARN_DIRECT_OBJC_ISA_USAGE = YES_ERROR;
				CLANG_WARN_DOCUMENTATION_COMMENTS = YES;
				CLANG_WARN_EMPTY_BODY = YES;
				CLANG_WARN_ENUM_CONVERSION = YES;
				CLANG_WARN_INFINITE_RECURSION = YES;
				CLANG_WARN_INT_CONVERSION = YES;
				CLANG_WARN_NON_LITERAL_NULL_CONVERSION = YES;
				CLANG_WARN_OBJC_IMPLICIT_RETAIN_SELF = YES;
				CLANG_WARN_OBJC_LITERAL_CONVERSION = YES;
				CLANG_WARN_OBJC_ROOT_CLASS = YES_ERROR;
				CLANG_WARN_QUOTED_INCLUDE_IN_FRAMEWORK_HEADER = YES;
				CLANG_WARN_RANGE_LOOP_ANALYSIS = YES;
				CLANG_WARN_STRICT_PROTOTYPES = YES;
				CLANG_WARN_SUSPICIOUS_MOVE = YES;
				CLANG_WARN_UNGUARDED_AVAILABILITY = YES_AGGRESSIVE;
				CLANG_WARN_UNREACHABLE_CODE = YES;
				CLANG_WARN__DUPLICATE_METHOD_MATCH = YES;
				COPY_PHASE_STRIP = NO;
				DEBUG_INFORMATION_FORMAT = dwarf;
				ENABLE_STRICT_OBJC_MSGSEND = YES;
				ENABLE_TESTABILITY = YES;
				ENABLE_USER_SCRIPT_SANDBOXING = YES;
				GCC_C_LANGUAGE_STANDARD = gnu17;
				GCC_DYNAMIC_NO_PIC = NO;
				GCC_NO_COMMON_BLOCKS = YES;
				GCC_OPTIMIZATION_LEVEL = 0;
				GCC_PREPROCESSOR_DEFINITIONS = (
					"DEBUG=1",
					"$(inherited)",
				);
				GCC_WARN_64_TO_32_BIT_CONVERSION = YES;
				GCC_WARN_ABOUT_RETURN_TYPE = YES_ERROR;
				GCC_WARN_UNDECLARED_SELECTOR = YES;
				GCC_WARN_UNINITIALIZED_AUTOS = YES_AGGRESSIVE;
				GCC_WARN_UNUSED_FUNCTION = YES;
				GCC_WARN_UNUSED_VARIABLE = YES;
				LOCALIZATION_PREFERS_STRING_CATALOGS = YES;
				MACOSX_DEPLOYMENT_TARGET = 14.4;
				MTL_ENABLE_DEBUG_INFO = INCLUDE_SOURCE;
				MTL_FAST_MATH = YES;
				ONLY_ACTIVE_ARCH = YES;
				SDKROOT = macosx;
				SWIFT_ACTIVE_COMPILATION_CONDITIONS = "DEBUG $(inherited)";
				SWIFT_OPTIMIZATION_LEVEL = "-Onone";
			};
			name = Debug;
		};
		C31703B82C843EFF00425ED4 /* Release */ = {
			isa = XCBuildConfiguration;
			buildSettings = {
				ALWAYS_SEARCH_USER_PATHS = NO;
				ASSETCATALOG_COMPILER_GENERATE_SWIFT_ASSET_SYMBOL_EXTENSIONS = YES;
				CLANG_ANALYZER_NONNULL = YES;
				CLANG_ANALYZER_NUMBER_OBJECT_CONVERSION = YES_AGGRESSIVE;
				CLANG_CXX_LANGUAGE_STANDARD = "gnu++20";
				CLANG_ENABLE_MODULES = YES;
				CLANG_ENABLE_OBJC_ARC = YES;
				CLANG_ENABLE_OBJC_WEAK = YES;
				CLANG_WARN_BLOCK_CAPTURE_AUTORELEASING = YES;
				CLANG_WARN_BOOL_CONVERSION = YES;
				CLANG_WARN_COMMA = YES;
				CLANG_WARN_CONSTANT_CONVERSION = YES;
				CLANG_WARN_DEPRECATED_OBJC_IMPLEMENTATIONS = YES;
				CLANG_WARN_DIRECT_OBJC_ISA_USAGE = YES_ERROR;
				CLANG_WARN_DOCUMENTATION_COMMENTS = YES;
				CLANG_WARN_EMPTY_BODY = YES;
				CLANG_WARN_ENUM_CONVERSION = YES;
				CLANG_WARN_INFINITE_RECURSION = YES;
				CLANG_WARN_INT_CONVERSION = YES;
				CLANG_WARN_NON_LITERAL_NULL_CONVERSION = YES;
				CLANG_WARN_OBJC_IMPLICIT_RETAIN_SELF = YES;
				CLANG_WARN_OBJC_LITERAL_CONVERSION = YES;
				CLANG_WARN_OBJC_ROOT_CLASS = YES_ERROR;
				CLANG_WARN_QUOTED_INCLUDE_IN_FRAMEWORK_HEADER = YES;
				CLANG_WARN_RANGE_LOOP_ANALYSIS = YES;
				CLANG_WARN_STRICT_PROTOTYPES = YES;
				CLANG_WARN_SUSPICIOUS_MOVE = YES;
				CLANG_WARN_UNGUARDED_AVAILABILITY = YES_AGGRESSIVE;
				CLANG_WARN_UNREACHABLE_CODE = YES;
				CLANG_WARN__DUPLICATE_METHOD_MATCH = YES;
				COPY_PHASE_STRIP = NO;
				DEBUG_INFORMATION_FORMAT = "dwarf-with-dsym";
				ENABLE_NS_ASSERTIONS = NO;
				ENABLE_STRICT_OBJC_MSGSEND = YES;
				ENABLE_USER_SCRIPT_SANDBOXING = YES;
				GCC_C_LANGUAGE_STANDARD = gnu17;
				GCC_NO_COMMON_BLOCKS = YES;
				GCC_WARN_64_TO_32_BIT_CONVERSION = YES;
				GCC_WARN_ABOUT_RETURN_TYPE = YES_ERROR;
				GCC_WARN_UNDECLARED_SELECTOR = YES;
				GCC_WARN_UNINITIALIZED_AUTOS = YES_AGGRESSIVE;
				GCC_WARN_UNUSED_FUNCTION = YES;
				GCC_WARN_UNUSED_VARIABLE = YES;
				LOCALIZATION_PREFERS_STRING_CATALOGS = YES;
				MACOSX_DEPLOYMENT_TARGET = 14.4;
				MTL_ENABLE_DEBUG_INFO = NO;
				MTL_FAST_MATH = YES;
				SDKROOT = macosx;
				SWIFT_COMPILATION_MODE = wholemodule;
			};
			name = Release;
		};
		C31703BA2C843EFF00425ED4 /* Debug */ = {
			isa = XCBuildConfiguration;
			buildSettings = {
				ASSETCATALOG_COMPILER_APPICON_NAME = AppIcon;
				ASSETCATALOG_COMPILER_GLOBAL_ACCENT_COLOR_NAME = AccentColor;
				CODE_SIGN_ENTITLEMENTS = "cs311l-9365-swift/cs311l_9365_swift.entitlements";
				CODE_SIGN_STYLE = Automatic;
				COMBINE_HIDPI_IMAGES = YES;
				CURRENT_PROJECT_VERSION = 1;
				DEVELOPMENT_ASSET_PATHS = "\"cs311l-9365-swift/Preview Content\"";
				ENABLE_PREVIEWS = YES;
				GENERATE_INFOPLIST_FILE = YES;
				INFOPLIST_KEY_NSHumanReadableCopyright = "";
				LD_RUNPATH_SEARCH_PATHS = (
					"$(inherited)",
					"@executable_path/../Frameworks",
				);
				MARKETING_VERSION = 1.0;
				PRODUCT_BUNDLE_IDENTIFIER = "Saint-Louis-University.cs311l-9365-swift";
				PRODUCT_NAME = "$(TARGET_NAME)";
				SWIFT_EMIT_LOC_STRINGS = YES;
				SWIFT_VERSION = 5.0;
			};
			name = Debug;
		};
		C31703BB2C843EFF00425ED4 /* Release */ = {
			isa = XCBuildConfiguration;
			buildSettings = {
				ASSETCATALOG_COMPILER_APPICON_NAME = AppIcon;
				ASSETCATALOG_COMPILER_GLOBAL_ACCENT_COLOR_NAME = AccentColor;
				CODE_SIGN_ENTITLEMENTS = "cs311l-9365-swift/cs311l_9365_swift.entitlements";
				CODE_SIGN_STYLE = Automatic;
				COMBINE_HIDPI_IMAGES = YES;
				CURRENT_PROJECT_VERSION = 1;
				DEVELOPMENT_ASSET_PATHS = "\"cs311l-9365-swift/Preview Content\"";
				ENABLE_PREVIEWS = YES;
				GENERATE_INFOPLIST_FILE = YES;
				INFOPLIST_KEY_NSHumanReadableCopyright = "";
				LD_RUNPATH_SEARCH_PATHS = (
					"$(inherited)",
					"@executable_path/../Frameworks",
				);
				MARKETING_VERSION = 1.0;
				PRODUCT_BUNDLE_IDENTIFIER = "Saint-Louis-University.cs311l-9365-swift";
				PRODUCT_NAME = "$(TARGET_NAME)";
				SWIFT_EMIT_LOC_STRINGS = YES;
				SWIFT_VERSION = 5.0;
			};
			name = Release;
		};
		C31703BD2C843EFF00425ED4 /* Debug */ = {
			isa = XCBuildConfiguration;
			buildSettings = {
				ALWAYS_EMBED_SWIFT_STANDARD_LIBRARIES = YES;
				BUNDLE_LOADER = "$(TEST_HOST)";
				CODE_SIGN_STYLE = Automatic;
				CURRENT_PROJECT_VERSION = 1;
				GENERATE_INFOPLIST_FILE = YES;
				MACOSX_DEPLOYMENT_TARGET = 14.4;
				MARKETING_VERSION = 1.0;
				PRODUCT_BUNDLE_IDENTIFIER = "Saint-Louis-University.cs311l-9365-swiftTests";
				PRODUCT_NAME = "$(TARGET_NAME)";
				SWIFT_EMIT_LOC_STRINGS = NO;
				SWIFT_VERSION = 5.0;
				TEST_HOST = "$(BUILT_PRODUCTS_DIR)/cs311l-9365-swift.app/$(BUNDLE_EXECUTABLE_FOLDER_PATH)/cs311l-9365-swift";
			};
			name = Debug;
		};
		C31703BE2C843EFF00425ED4 /* Release */ = {
			isa = XCBuildConfiguration;
			buildSettings = {
				ALWAYS_EMBED_SWIFT_STANDARD_LIBRARIES = YES;
				BUNDLE_LOADER = "$(TEST_HOST)";
				CODE_SIGN_STYLE = Automatic;
				CURRENT_PROJECT_VERSION = 1;
				GENERATE_INFOPLIST_FILE = YES;
				MACOSX_DEPLOYMENT_TARGET = 14.4;
				MARKETING_VERSION = 1.0;
				PRODUCT_BUNDLE_IDENTIFIER = "Saint-Louis-University.cs311l-9365-swiftTests";
				PRODUCT_NAME = "$(TARGET_NAME)";
				SWIFT_EMIT_LOC_STRINGS = NO;
				SWIFT_VERSION = 5.0;
				TEST_HOST = "$(BUILT_PRODUCTS_DIR)/cs311l-9365-swift.app/$(BUNDLE_EXECUTABLE_FOLDER_PATH)/cs311l-9365-swift";
			};
			name = Release;
		};
		C31703C02C843EFF00425ED4 /* Debug */ = {
			isa = XCBuildConfiguration;
			buildSettings = {
				ALWAYS_EMBED_SWIFT_STANDARD_LIBRARIES = YES;
				CODE_SIGN_STYLE = Automatic;
				CURRENT_PROJECT_VERSION = 1;
				GENERATE_INFOPLIST_FILE = YES;
				MARKETING_VERSION = 1.0;
				PRODUCT_BUNDLE_IDENTIFIER = "Saint-Louis-University.cs311l-9365-swiftUITests";
				PRODUCT_NAME = "$(TARGET_NAME)";
				SWIFT_EMIT_LOC_STRINGS = NO;
				SWIFT_VERSION = 5.0;
				TEST_TARGET_NAME = "cs311l-9365-swift";
			};
			name = Debug;
		};
		C31703C12C843EFF00425ED4 /* Release */ = {
			isa = XCBuildConfiguration;
			buildSettings = {
				ALWAYS_EMBED_SWIFT_STANDARD_LIBRARIES = YES;
				CODE_SIGN_STYLE = Automatic;
				CURRENT_PROJECT_VERSION = 1;
				GENERATE_INFOPLIST_FILE = YES;
				MARKETING_VERSION = 1.0;
				PRODUCT_BUNDLE_IDENTIFIER = "Saint-Louis-University.cs311l-9365-swiftUITests";
				PRODUCT_NAME = "$(TARGET_NAME)";
				SWIFT_EMIT_LOC_STRINGS = NO;
				SWIFT_VERSION = 5.0;
				TEST_TARGET_NAME = "cs311l-9365-swift";
			};
			name = Release;
		};
/* End XCBuildConfiguration section */

/* Begin XCConfigurationList section */
		C317038F2C843EFB00425ED4 /* Build configuration list for PBXProject "cs311l-9365-swift" */ = {
			isa = XCConfigurationList;
			buildConfigurations = (
				C31703B72C843EFF00425ED4 /* Debug */,
				C31703B82C843EFF00425ED4 /* Release */,
			);
			defaultConfigurationIsVisible = 0;
			defaultConfigurationName = Release;
		};
		C31703B92C843EFF00425ED4 /* Build configuration list for PBXNativeTarget "cs311l-9365-swift" */ = {
			isa = XCConfigurationList;
			buildConfigurations = (
				C31703BA2C843EFF00425ED4 /* Debug */,
				C31703BB2C843EFF00425ED4 /* Release */,
			);
			defaultConfigurationIsVisible = 0;
			defaultConfigurationName = Release;
		};
		C31703BC2C843EFF00425ED4 /* Build configuration list for PBXNativeTarget "cs311l-9365-swiftTests" */ = {
			isa = XCConfigurationList;
			buildConfigurations = (
				C31703BD2C843EFF00425ED4 /* Debug */,
				C31703BE2C843EFF00425ED4 /* Release */,
			);
			defaultConfigurationIsVisible = 0;
			defaultConfigurationName = Release;
		};
		C31703BF2C843EFF00425ED4 /* Build configuration list for PBXNativeTarget "cs311l-9365-swiftUITests" */ = {
			isa = XCConfigurationList;
			buildConfigurations = (
				C31703C02C843EFF00425ED4 /* Debug */,
				C31703C12C843EFF00425ED4 /* Release */,
			);
			defaultConfigurationIsVisible = 0;
			defaultConfigurationName = Release;
		};
/* End XCConfigurationList section */
	};
	rootObject = C317038C2C843EFB00425ED4 /* Project object */;
}
